
Microsoft Visual Studio Solution File, Format Version 12.00
# Visual Studio Version 16
VisualStudioVersion = 16.0.31624.102
MinimumVisualStudioVersion = 10.0.40219.1
Project("{9A19103F-16F7-4668-BE54-9A1E7A4F7556}") = "TrackerLibrary", "TrackerLibrary\TrackerLibrary.csproj", "{A444BE66-FA3E-463F-B19A-28878DE1BE08}"
EndProject
Project("{9A19103F-16F7-4668-BE54-9A1E7A4F7556}") = "TrackerUI", "TrackerUI\TrackerUI.csproj", "{23818CCD-A6BE-442B-ACAC-5B66665C2C77}"
EndProject
Global
	GlobalSection(SolutionConfigurationPlatforms) = preSolution
		Debug|Any CPU = Debug|Any CPU
		Release|Any CPU = Release|Any CPU
	EndGlobalSection
	GlobalSection(ProjectConfigurationPlatforms) = postSolution
		{A444BE66-FA3E-463F-B19A-28878DE1BE08}.Debug|Any CPU.ActiveCfg = Debug|Any CPU
		{A444BE66-FA3E-463F-B19A-28878DE1BE08}.Debug|Any CPU.Build.0 = Debug|Any CPU
		{A444BE66-FA3E-463F-B19A-28878DE1BE08}.Release|Any CPU.ActiveCfg = Release|Any CPU
		{A444BE66-FA3E-463F-B19A-28878DE1BE08}.Release|Any CPU.Build.0 = Release|Any CPU
		{23818CCD-A6BE-442B-ACAC-5B66665C2C77}.Debug|Any CPU.ActiveCfg = Debug|Any CPU
		{23818CCD-A6BE-442B-ACAC-5B66665C2C77}.Debug|Any CPU.Build.0 = Debug|Any CPU
		{23818CCD-A6BE-442B-ACAC-5B66665C2C77}.Release|Any CPU.ActiveCfg = Release|Any CPU
		{23818CCD-A6BE-442B-ACAC-5B66665C2C77}.Release|Any CPU.Build.0 = Release|Any CPU
	EndGlobalSection
	GlobalSection(SolutionProperties) = preSolution
		HideSolutionNode = FALSE
	EndGlobalSection
	GlobalSection(ExtensibilityGlobals) = postSolution
		SolutionGuid = {E71C847C-8AF4-4B47-BE53-45C5C3ED5ED7}
	EndGlobalSection
EndGlobal
